
Microsoft Visual Studio Solution File, Format Version 11.00
# Visual Studio 2010
Project("{FAE04EC0-301F-11D3-BF4B-00C04F79EFBC}") = "CPU Game 거의 최종", "Assembly-CSharp.csproj", "{979473C1-23D7-5D25-D273-44BC9E6214D0}"
EndProject
Global
	GlobalSection(SolutionConfigurationPlatforms) = preSolution
		Debug|Any CPU = Debug|Any CPU
		Release|Any CPU = Release|Any CPU
	EndGlobalSection
	GlobalSection(ProjectConfigurationPlatforms) = postSolution
		{979473C1-23D7-5D25-D273-44BC9E6214D0}.Debug|Any CPU.ActiveCfg = Debug|Any CPU
		{979473C1-23D7-5D25-D273-44BC9E6214D0}.Debug|Any CPU.Build.0 = Debug|Any CPU
		{979473C1-23D7-5D25-D273-44BC9E6214D0}.Release|Any CPU.ActiveCfg = Release|Any CPU
		{979473C1-23D7-5D25-D273-44BC9E6214D0}.Release|Any CPU.Build.0 = Release|Any CPU
	EndGlobalSection
	GlobalSection(SolutionProperties) = preSolution
		HideSolutionNode = FALSE
	EndGlobalSection
	GlobalSection(MonoDevelopProperties) = preSolution
		StartupItem = Assembly-CSharp.csproj
	EndGlobalSection
EndGlobal
